
Microsoft Visual Studio Solution File, Format Version 12.00
# Visual Studio Version 17
VisualStudioVersion = 17.5.2.0
MinimumVisualStudioVersion = 10.0.40219.1
Project("{2150E333-8FDC-42A3-9474-1A3956D46DE8}") = "src", "src", "{827E0CD3-B72D-47B6-A68D-7590B98EB39B}"
EndProject
Project("{FAE04EC0-301F-11D3-BF4B-00C04F79EFBC}") = "Api", "src\Api\Api.csproj", "{CBAFC0F9-5B69-AE5B-776E-B650E010DF04}"
EndProject
Project("{FAE04EC0-301F-11D3-BF4B-00C04F79EFBC}") = "PoC_Vit.Blazor", "src\PoC_Vit.Blazor\PoC_Vit.Blazor.csproj", "{3CB0F59A-0730-484E-8767-6FB41F87A28B}"
EndProject
Global
	GlobalSection(SolutionConfigurationPlatforms) = preSolution
		Debug|Any CPU = Debug|Any CPU
		Debug|x64 = Debug|x64
		Debug|x86 = Debug|x86
		Release|Any CPU = Release|Any CPU
		Release|x64 = Release|x64
		Release|x86 = Release|x86
	EndGlobalSection
	GlobalSection(ProjectConfigurationPlatforms) = postSolution
		{CBAFC0F9-5B69-AE5B-776E-B650E010DF04}.Debug|Any CPU.ActiveCfg = Debug|Any CPU
		{CBAFC0F9-5B69-AE5B-776E-B650E010DF04}.Debug|Any CPU.Build.0 = Debug|Any CPU
		{CBAFC0F9-5B69-AE5B-776E-B650E010DF04}.Debug|x64.ActiveCfg = Debug|Any CPU
		{CBAFC0F9-5B69-AE5B-776E-B650E010DF04}.Debug|x64.Build.0 = Debug|Any CPU
		{CBAFC0F9-5B69-AE5B-776E-B650E010DF04}.Debug|x86.ActiveCfg = Debug|Any CPU
		{CBAFC0F9-5B69-AE5B-776E-B650E010DF04}.Debug|x86.Build.0 = Debug|Any CPU
		{CBAFC0F9-5B69-AE5B-776E-B650E010DF04}.Release|Any CPU.ActiveCfg = Release|Any CPU
		{CBAFC0F9-5B69-AE5B-776E-B650E010DF04}.Release|Any CPU.Build.0 = Release|Any CPU
		{CBAFC0F9-5B69-AE5B-776E-B650E010DF04}.Release|x64.ActiveCfg = Release|Any CPU
		{CBAFC0F9-5B69-AE5B-776E-B650E010DF04}.Release|x64.Build.0 = Release|Any CPU
		{CBAFC0F9-5B69-AE5B-776E-B650E010DF04}.Release|x86.ActiveCfg = Release|Any CPU
		{CBAFC0F9-5B69-AE5B-776E-B650E010DF04}.Release|x86.Build.0 = Release|Any CPU
		{3CB0F59A-0730-484E-8767-6FB41F87A28B}.Debug|Any CPU.ActiveCfg = Debug|Any CPU
		{3CB0F59A-0730-484E-8767-6FB41F87A28B}.Debug|Any CPU.Build.0 = Debug|Any CPU
		{3CB0F59A-0730-484E-8767-6FB41F87A28B}.Debug|x64.ActiveCfg = Debug|Any CPU
		{3CB0F59A-0730-484E-8767-6FB41F87A28B}.Debug|x64.Build.0 = Debug|Any CPU
		{3CB0F59A-0730-484E-8767-6FB41F87A28B}.Debug|x86.ActiveCfg = Debug|Any CPU
		{3CB0F59A-0730-484E-8767-6FB41F87A28B}.Debug|x86.Build.0 = Debug|Any CPU
		{3CB0F59A-0730-484E-8767-6FB41F87A28B}.Release|Any CPU.ActiveCfg = Release|Any CPU
		{3CB0F59A-0730-484E-8767-6FB41F87A28B}.Release|Any CPU.Build.0 = Release|Any CPU
		{3CB0F59A-0730-484E-8767-6FB41F87A28B}.Release|x64.ActiveCfg = Release|Any CPU
		{3CB0F59A-0730-484E-8767-6FB41F87A28B}.Release|x64.Build.0 = Release|Any CPU
		{3CB0F59A-0730-484E-8767-6FB41F87A28B}.Release|x86.ActiveCfg = Release|Any CPU
		{3CB0F59A-0730-484E-8767-6FB41F87A28B}.Release|x86.Build.0 = Release|Any CPU
	EndGlobalSection
	GlobalSection(SolutionProperties) = preSolution
		HideSolutionNode = FALSE
	EndGlobalSection
	GlobalSection(NestedProjects) = preSolution
		{CBAFC0F9-5B69-AE5B-776E-B650E010DF04} = {827E0CD3-B72D-47B6-A68D-7590B98EB39B}
		{3CB0F59A-0730-484E-8767-6FB41F87A28B} = {827E0CD3-B72D-47B6-A68D-7590B98EB39B}
	EndGlobalSection
	GlobalSection(ExtensibilityGlobals) = postSolution
		SolutionGuid = {2FDE7F98-F13E-48C4-A12C-7CB187A73938}
	EndGlobalSection
EndGlobal
